// !$*UTF8*$!
{
	archiveVersion = 1;
	classes = {
	};
	objectVersion = 46;
	objects = {

/* Begin PBXBuildFile section */
		8F1341FA1EEF0A0800596047 /* AppDelegate.swift in Sources */ = {isa = PBXBuildFile; fileRef = 8F1341F91EEF0A0800596047 /* AppDelegate.swift */; };
		8F1341FC1EEF0A0800596047 /* MyViewController.swift in Sources */ = {isa = PBXBuildFile; fileRef = 8F1341FB1EEF0A0800596047 /* MyViewController.swift */; };
		8F1341FF1EEF0A0800596047 /* Main.storyboard in Resources */ = {isa = PBXBuildFile; fileRef = 8F1341FD1EEF0A0800596047 /* Main.storyboard */; };
		8F1342011EEF0A0800596047 /* Assets.xcassets in Resources */ = {isa = PBXBuildFile; fileRef = 8F1342001EEF0A0800596047 /* Assets.xcassets */; };
		8F1342041EEF0A0800596047 /* LaunchScreen.storyboard in Resources */ = {isa = PBXBuildFile; fileRef = 8F1342021EEF0A0800596047 /* LaunchScreen.storyboard */; };
		8F13420F1EEF0A0800596047 /* PermissibleLimitSliderTests.swift in Sources */ = {isa = PBXBuildFile; fileRef = 8F13420E1EEF0A0800596047 /* PermissibleLimitSliderTests.swift */; };
		8F13421A1EEF0A0800596047 /* PermissibleLimitSliderUITests.swift in Sources */ = {isa = PBXBuildFile; fileRef = 8F1342191EEF0A0800596047 /* PermissibleLimitSliderUITests.swift */; };
/* End PBXBuildFile section */

/* Begin PBXContainerItemProxy section */
		8F13420B1EEF0A0800596047 /* PBXContainerItemProxy */ = {
			isa = PBXContainerItemProxy;
			containerPortal = 8F1341EE1EEF0A0800596047 /* Project object */;
			proxyType = 1;
			remoteGlobalIDString = 8F1341F51EEF0A0800596047;
			remoteInfo = PermissibleLimitSlider;
		};
		8F1342161EEF0A0800596047 /* PBXContainerItemProxy */ = {
			isa = PBXContainerItemProxy;
			containerPortal = 8F1341EE1EEF0A0800596047 /* Project object */;
			proxyType = 1;
			remoteGlobalIDString = 8F1341F51EEF0A0800596047;
			remoteInfo = PermissibleLimitSlider;
		};
/* End PBXContainerItemProxy section */

/* Begin PBXFileReference section */
		8F1341F61EEF0A0800596047 /* PermissibleLimitSlider.app */ = {isa = PBXFileReference; explicitFileType = wrapper.application; includeInIndex = 0; path = PermissibleLimitSlider.app; sourceTree = BUILT_PRODUCTS_DIR; };
		8F1341F91EEF0A0800596047 /* AppDelegate.swift */ = {isa = PBXFileReference; lastKnownFileType = sourcecode.swift; path = AppDelegate.swift; sourceTree = "<group>"; };
		8F1341FB1EEF0A0800596047 /* MyViewController.swift */ = {isa = PBXFileReference; lastKnownFileType = sourcecode.swift; path = MyViewController.swift; sourceTree = "<group>"; };
		8F1341FE1EEF0A0800596047 /* Base */ = {isa = PBXFileReference; lastKnownFileType = file.storyboard; name = Base; path = Base.lproj/Main.storyboard; sourceTree = "<group>"; };
		8F1342001EEF0A0800596047 /* Assets.xcassets */ = {isa = PBXFileReference; lastKnownFileType = folder.assetcatalog; path = Assets.xcassets; sourceTree = "<group>"; };
		8F1342031EEF0A0800596047 /* Base */ = {isa = PBXFileReference; lastKnownFileType = file.storyboard; name = Base; path = Base.lproj/LaunchScreen.storyboard; sourceTree = "<group>"; };
		8F1342051EEF0A0800596047 /* Info.plist */ = {isa = PBXFileReference; lastKnownFileType = text.plist.xml; path = Info.plist; sourceTree = "<group>"; };
		8F13420A1EEF0A0800596047 /* PermissibleLimitSliderTests.xctest */ = {isa = PBXFileReference; explicitFileType = wrapper.cfbundle; includeInIndex = 0; path = PermissibleLimitSliderTests.xctest; sourceTree = BUILT_PRODUCTS_DIR; };
		8F13420E1EEF0A0800596047 /* PermissibleLimitSliderTests.swift */ = {isa = PBXFileReference; lastKnownFileType = sourcecode.swift; path = PermissibleLimitSliderTests.swift; sourceTree = "<group>"; };
		8F1342101EEF0A0800596047 /* Info.plist */ = {isa = PBXFileReference; lastKnownFileType = text.plist.xml; path = Info.plist; sourceTree = "<group>"; };
		8F1342151EEF0A0800596047 /* PermissibleLimitSliderUITests.xctest */ = {isa = PBXFileReference; explicitFileType = wrapper.cfbundle; includeInIndex = 0; path = PermissibleLimitSliderUITests.xctest; sourceTree = BUILT_PRODUCTS_DIR; };
		8F1342191EEF0A0800596047 /* PermissibleLimitSliderUITests.swift */ = {isa = PBXFileReference; lastKnownFileType = sourcecode.swift; path = PermissibleLimitSliderUITests.swift; sourceTree = "<group>"; };
		8F13421B1EEF0A0800596047 /* Info.plist */ = {isa = PBXFileReference; lastKnownFileType = text.plist.xml; path = Info.plist; sourceTree = "<group>"; };
/* End PBXFileReference section */

/* Begin PBXFrameworksBuildPhase section */
		8F1341F31EEF0A0800596047 /* Frameworks */ = {
			isa = PBXFrameworksBuildPhase;
			buildActionMask = 2147483647;
			files = (
			);
			runOnlyForDeploymentPostprocessing = 0;
		};
		8F1342071EEF0A0800596047 /* Frameworks */ = {
			isa = PBXFrameworksBuildPhase;
			buildActionMask = 2147483647;
			files = (
			);
			runOnlyForDeploymentPostprocessing = 0;
		};
		8F1342121EEF0A0800596047 /* Frameworks */ = {
			isa = PBXFrameworksBuildPhase;
			buildActionMask = 2147483647;
			files = (
			);
			runOnlyForDeploymentPostprocessing = 0;
		};
/* End PBXFrameworksBuildPhase section */

/* Begin PBXGroup section */
		8F1341ED1EEF0A0800596047 = {
			isa = PBXGroup;
			children = (
				8F1341F81EEF0A0800596047 /* PermissibleLimitSlider */,
				8F13420D1EEF0A0800596047 /* PermissibleLimitSliderTests */,
				8F1342181EEF0A0800596047 /* PermissibleLimitSliderUITests */,
				8F1341F71EEF0A0800596047 /* Products */,
			);
			sourceTree = "<group>";
		};
		8F1341F71EEF0A0800596047 /* Products */ = {
			isa = PBXGroup;
			children = (
				8F1341F61EEF0A0800596047 /* PermissibleLimitSlider.app */,
				8F13420A1EEF0A0800596047 /* PermissibleLimitSliderTests.xctest */,
				8F1342151EEF0A0800596047 /* PermissibleLimitSliderUITests.xctest */,
			);
			name = Products;
			sourceTree = "<group>";
		};
		8F1341F81EEF0A0800596047 /* PermissibleLimitSlider */ = {
			isa = PBXGroup;
			children = (
				8F1341F91EEF0A0800596047 /* AppDelegate.swift */,
				8F1341FB1EEF0A0800596047 /* MyViewController.swift */,
				8F1341FD1EEF0A0800596047 /* Main.storyboard */,
				8F1342001EEF0A0800596047 /* Assets.xcassets */,
				8F1342021EEF0A0800596047 /* LaunchScreen.storyboard */,
				8F1342051EEF0A0800596047 /* Info.plist */,
			);
			path = PermissibleLimitSlider;
			sourceTree = "<group>";
		};
		8F13420D1EEF0A0800596047 /* PermissibleLimitSliderTests */ = {
			isa = PBXGroup;
			children = (
				8F13420E1EEF0A0800596047 /* PermissibleLimitSliderTests.swift */,
				8F1342101EEF0A0800596047 /* Info.plist */,
			);
			path = PermissibleLimitSliderTests;
			sourceTree = "<group>";
		};
		8F1342181EEF0A0800596047 /* PermissibleLimitSliderUITests */ = {
			isa = PBXGroup;
			children = (
				8F1342191EEF0A0800596047 /* PermissibleLimitSliderUITests.swift */,
				8F13421B1EEF0A0800596047 /* Info.plist */,
			);
			path = PermissibleLimitSliderUITests;
			sourceTree = "<group>";
		};
/* End PBXGroup section */

/* Begin PBXNativeTarget section */
		8F1341F51EEF0A0800596047 /* PermissibleLimitSlider */ = {
			isa = PBXNativeTarget;
			buildConfigurationList = 8F13421E1EEF0A0800596047 /* Build configuration list for PBXNativeTarget "PermissibleLimitSlider" */;
			buildPhases = (
				8F1341F21EEF0A0800596047 /* Sources */,
				8F1341F31EEF0A0800596047 /* Frameworks */,
				8F1341F41EEF0A0800596047 /* Resources */,
			);
			buildRules = (
			);
			dependencies = (
			);
			name = PermissibleLimitSlider;
			productName = PermissibleLimitSlider;
			productReference = 8F1341F61EEF0A0800596047 /* PermissibleLimitSlider.app */;
			productType = "com.apple.product-type.application";
		};
		8F1342091EEF0A0800596047 /* PermissibleLimitSliderTests */ = {
			isa = PBXNativeTarget;
			buildConfigurationList = 8F1342211EEF0A0800596047 /* Build configuration list for PBXNativeTarget "PermissibleLimitSliderTests" */;
			buildPhases = (
				8F1342061EEF0A0800596047 /* Sources */,
				8F1342071EEF0A0800596047 /* Frameworks */,
				8F1342081EEF0A0800596047 /* Resources */,
			);
			buildRules = (
			);
			dependencies = (
				8F13420C1EEF0A0800596047 /* PBXTargetDependency */,
			);
			name = PermissibleLimitSliderTests;
			productName = PermissibleLimitSliderTests;
			productReference = 8F13420A1EEF0A0800596047 /* PermissibleLimitSliderTests.xctest */;
			productType = "com.apple.product-type.bundle.unit-test";
		};
		8F1342141EEF0A0800596047 /* PermissibleLimitSliderUITests */ = {
			isa = PBXNativeTarget;
			buildConfigurationList = 8F1342241EEF0A0800596047 /* Build configuration list for PBXNativeTarget "PermissibleLimitSliderUITests" */;
			buildPhases = (
				8F1342111EEF0A0800596047 /* Sources */,
				8F1342121EEF0A0800596047 /* Frameworks */,
				8F1342131EEF0A0800596047 /* Resources */,
			);
			buildRules = (
			);
			dependencies = (
				8F1342171EEF0A0800596047 /* PBXTargetDependency */,
			);
			name = PermissibleLimitSliderUITests;
			productName = PermissibleLimitSliderUITests;
			productReference = 8F1342151EEF0A0800596047 /* PermissibleLimitSliderUITests.xctest */;
			productType = "com.apple.product-type.bundle.ui-testing";
		};
/* End PBXNativeTarget section */

/* Begin PBXProject section */
		8F1341EE1EEF0A0800596047 /* Project object */ = {
			isa = PBXProject;
			attributes = {
				LastSwiftUpdateCheck = 0830;
				LastUpgradeCheck = 0830;
				ORGANIZATIONNAME = "Ideen Kaffee Korner";
				TargetAttributes = {
					8F1341F51EEF0A0800596047 = {
						CreatedOnToolsVersion = 8.3.3;
						ProvisioningStyle = Automatic;
					};
					8F1342091EEF0A0800596047 = {
						CreatedOnToolsVersion = 8.3.3;
						ProvisioningStyle = Automatic;
						TestTargetID = 8F1341F51EEF0A0800596047;
					};
					8F1342141EEF0A0800596047 = {
						CreatedOnToolsVersion = 8.3.3;
						ProvisioningStyle = Automatic;
						TestTargetID = 8F1341F51EEF0A0800596047;
					};
				};
			};
			buildConfigurationList = 8F1341F11EEF0A0800596047 /* Build configuration list for PBXProject "PermissibleLimitSlider" */;
			compatibilityVersion = "Xcode 3.2";
			developmentRegion = English;
			hasScannedForEncodings = 0;
			knownRegions = (
				en,
				Base,
			);
			mainGroup = 8F1341ED1EEF0A0800596047;
			productRefGroup = 8F1341F71EEF0A0800596047 /* Products */;
			projectDirPath = "";
			projectRoot = "";
			targets = (
				8F1341F51EEF0A0800596047 /* PermissibleLimitSlider */,
				8F1342091EEF0A0800596047 /* PermissibleLimitSliderTests */,
				8F1342141EEF0A0800596047 /* PermissibleLimitSliderUITests */,
			);
		};
/* End PBXProject section */

/* Begin PBXResourcesBuildPhase section */
		8F1341F41EEF0A0800596047 /* Resources */ = {
			isa = PBXResourcesBuildPhase;
			buildActionMask = 2147483647;
			files = (
				8F1342041EEF0A0800596047 /* LaunchScreen.storyboard in Resources */,
				8F1342011EEF0A0800596047 /* Assets.xcassets in Resources */,
				8F1341FF1EEF0A0800596047 /* Main.storyboard in Resources */,
			);
			runOnlyForDeploymentPostprocessing = 0;
		};
		8F1342081EEF0A0800596047 /* Resources */ = {
			isa = PBXResourcesBuildPhase;
			buildActionMask = 2147483647;
			files = (
			);
			runOnlyForDeploymentPostprocessing = 0;
		};
		8F1342131EEF0A0800596047 /* Resources */ = {
			isa = PBXResourcesBuildPhase;
			buildActionMask = 2147483647;
			files = (
			);
			runOnlyForDeploymentPostprocessing = 0;
		};
/* End PBXResourcesBuildPhase section */

/* Begin PBXSourcesBuildPhase section */
		8F1341F21EEF0A0800596047 /* Sources */ = {
			isa = PBXSourcesBuildPhase;
			buildActionMask = 2147483647;
			files = (
				8F1341FC1EEF0A0800596047 /* MyViewController.swift in Sources */,
				8F1341FA1EEF0A0800596047 /* AppDelegate.swift in Sources */,
			);
			runOnlyForDeploymentPostprocessing = 0;
		};
		8F1342061EEF0A0800596047 /* Sources */ = {
			isa = PBXSourcesBuildPhase;
			buildActionMask = 2147483647;
			files = (
				8F13420F1EEF0A0800596047 /* PermissibleLimitSliderTests.swift in Sources */,
			);
			runOnlyForDeploymentPostprocessing = 0;
		};
		8F1342111EEF0A0800596047 /* Sources */ = {
			isa = PBXSourcesBuildPhase;
			buildActionMask = 2147483647;
			files = (
				8F13421A1EEF0A0800596047 /* PermissibleLimitSliderUITests.swift in Sources */,
			);
			runOnlyForDeploymentPostprocessing = 0;
		};
/* End PBXSourcesBuildPhase section */

/* Begin PBXTargetDependency section */
		8F13420C1EEF0A0800596047 /* PBXTargetDependency */ = {
			isa = PBXTargetDependency;
			target = 8F1341F51EEF0A0800596047 /* PermissibleLimitSlider */;
			targetProxy = 8F13420B1EEF0A0800596047 /* PBXContainerItemProxy */;
		};
		8F1342171EEF0A0800596047 /* PBXTargetDependency */ = {
			isa = PBXTargetDependency;
			target = 8F1341F51EEF0A0800596047 /* PermissibleLimitSlider */;
			targetProxy = 8F1342161EEF0A0800596047 /* PBXContainerItemProxy */;
		};
/* End PBXTargetDependency section */

/* Begin PBXVariantGroup section */
		8F1341FD1EEF0A0800596047 /* Main.storyboard */ = {
			isa = PBXVariantGroup;
			children = (
				8F1341FE1EEF0A0800596047 /* Base */,
			);
			name = Main.storyboard;
			sourceTree = "<group>";
		};
		8F1342021EEF0A0800596047 /* LaunchScreen.storyboard */ = {
			isa = PBXVariantGroup;
			children = (
				8F1342031EEF0A0800596047 /* Base */,
			);
			name = LaunchScreen.storyboard;
			sourceTree = "<group>";
		};
/* End PBXVariantGroup section */

/* Begin XCBuildConfiguration section */
		8F13421C1EEF0A0800596047 /* Debug */ = {
			isa = XCBuildConfiguration;
			buildSettings = {
				ALWAYS_SEARCH_USER_PATHS = NO;
				CLANG_ANALYZER_NONNULL = YES;
				CLANG_ANALYZER_NUMBER_OBJECT_CONVERSION = YES_AGGRESSIVE;
				CLANG_CXX_LANGUAGE_STANDARD = "gnu++0x";
				CLANG_CXX_LIBRARY = "libc++";
				CLANG_ENABLE_MODULES = YES;
				CLANG_ENABLE_OBJC_ARC = YES;
				CLANG_WARN_BOOL_CONVERSION = YES;
				CLANG_WARN_CONSTANT_CONVERSION = YES;
				CLANG_WARN_DIRECT_OBJC_ISA_USAGE = YES_ERROR;
				CLANG_WARN_DOCUMENTATION_COMMENTS = YES;
				CLANG_WARN_EMPTY_BODY = YES;
				CLANG_WARN_ENUM_CONVERSION = YES;
				CLANG_WARN_INFINITE_RECURSION = YES;
				CLANG_WARN_INT_CONVERSION = YES;
				CLANG_WARN_OBJC_ROOT_CLASS = YES_ERROR;
				CLANG_WARN_SUSPICIOUS_MOVE = YES;
				CLANG_WARN_UNREACHABLE_CODE = YES;
				CLANG_WARN__DUPLICATE_METHOD_MATCH = YES;
				"CODE_SIGN_IDENTITY[sdk=iphoneos*]" = "iPhone Developer";
				COPY_PHASE_STRIP = NO;
				DEBUG_INFORMATION_FORMAT = dwarf;
				ENABLE_STRICT_OBJC_MSGSEND = YES;
				ENABLE_TESTABILITY = YES;
				GCC_C_LANGUAGE_STANDARD = gnu99;
				GCC_DYNAMIC_NO_PIC = NO;
				GCC_NO_COMMON_BLOCKS = YES;
				GCC_OPTIMIZATION_LEVEL = 0;
				GCC_PREPROCESSOR_DEFINITIONS = (
					"DEBUG=1",
					"$(inherited)",
				);
				GCC_WARN_64_TO_32_BIT_CONVERSION = YES;
				GCC_WARN_ABOUT_RETURN_TYPE = YES_ERROR;
				GCC_WARN_UNDECLARED_SELECTOR = YES;
				GCC_WARN_UNINITIALIZED_AUTOS = YES_AGGRESSIVE;
				GCC_WARN_UNUSED_FUNCTION = YES;
				GCC_WARN_UNUSED_VARIABLE = YES;
				IPHONEOS_DEPLOYMENT_TARGET = 10.3;
				MTL_ENABLE_DEBUG_INFO = YES;
				ONLY_ACTIVE_ARCH = YES;
				SDKROOT = iphoneos;
				SWIFT_ACTIVE_COMPILATION_CONDITIONS = DEBUG;
				SWIFT_OPTIMIZATION_LEVEL = "-Onone";
			};
			name = Debug;
		};
		8F13421D1EEF0A0800596047 /* Release */ = {
			isa = XCBuildConfiguration;
			buildSettings = {
				ALWAYS_SEARCH_USER_PATHS = NO;
				CLANG_ANALYZER_NONNULL = YES;
				CLANG_ANALYZER_NUMBER_OBJECT_CONVERSION = YES_AGGRESSIVE;
				CLANG_CXX_LANGUAGE_STANDARD = "gnu++0x";
				CLANG_CXX_LIBRARY = "libc++";
				CLANG_ENABLE_MODULES = YES;
				CLANG_ENABLE_OBJC_ARC = YES;
				CLANG_WARN_BOOL_CONVERSION = YES;
				CLANG_WARN_CONSTANT_CONVERSION = YES;
				CLANG_WARN_DIRECT_OBJC_ISA_USAGE = YES_ERROR;
				CLANG_WARN_DOCUMENTATION_COMMENTS = YES;
				CLANG_WARN_EMPTY_BODY = YES;
				CLANG_WARN_ENUM_CONVERSION = YES;
				CLANG_WARN_INFINITE_RECURSION = YES;
				CLANG_WARN_INT_CONVERSION = YES;
				CLANG_WARN_OBJC_ROOT_CLASS = YES_ERROR;
				CLANG_WARN_SUSPICIOUS_MOVE = YES;
				CLANG_WARN_UNREACHABLE_CODE = YES;
				CLANG_WARN__DUPLICATE_METHOD_MATCH = YES;
				"CODE_SIGN_IDENTITY[sdk=iphoneos*]" = "iPhone Developer";
				COPY_PHASE_STRIP = NO;
				DEBUG_INFORMATION_FORMAT = "dwarf-with-dsym";
				ENABLE_NS_ASSERTIONS = NO;
				ENABLE_STRICT_OBJC_MSGSEND = YES;
				GCC_C_LANGUAGE_STANDARD = gnu99;
				GCC_NO_COMMON_BLOCKS = YES;
				GCC_WARN_64_TO_32_BIT_CONVERSION = YES;
				GCC_WARN_ABOUT_RETURN_TYPE = YES_ERROR;
				GCC_WARN_UNDECLARED_SELECTOR = YES;
				GCC_WARN_UNINITIALIZED_AUTOS = YES_AGGRESSIVE;
				GCC_WARN_UNUSED_FUNCTION = YES;
				GCC_WARN_UNUSED_VARIABLE = YES;
				IPHONEOS_DEPLOYMENT_TARGET = 10.3;
				MTL_ENABLE_DEBUG_INFO = NO;
				SDKROOT = iphoneos;
				SWIFT_OPTIMIZATION_LEVEL = "-Owholemodule";
				VALIDATE_PRODUCT = YES;
			};
			name = Release;
		};
		8F13421F1EEF0A0800596047 /* Debug */ = {
			isa = XCBuildConfiguration;
			buildSettings = {
				ASSETCATALOG_COMPILER_APPICON_NAME = AppIcon;
				DEVELOPMENT_TEAM = "";
				INFOPLIST_FILE = PermissibleLimitSlider/Info.plist;
				LD_RUNPATH_SEARCH_PATHS = "$(inherited) @executable_path/Frameworks";
				PRODUCT_BUNDLE_IDENTIFIER = com.myidentifier.PermissibleLimitSlider;
				PRODUCT_NAME = "$(TARGET_NAME)";
				SWIFT_VERSION = 3.0;
			};
			name = Debug;
		};
		8F1342201EEF0A0800596047 /* Release */ = {
			isa = XCBuildConfiguration;
			buildSettings = {
				ASSETCATALOG_COMPILER_APPICON_NAME = AppIcon;
				DEVELOPMENT_TEAM = "";
				INFOPLIST_FILE = PermissibleLimitSlider/Info.plist;
				LD_RUNPATH_SEARCH_PATHS = "$(inherited) @executable_path/Frameworks";
				PRODUCT_BUNDLE_IDENTIFIER = com.myidentifier.PermissibleLimitSlider;
				PRODUCT_NAME = "$(TARGET_NAME)";
				SWIFT_VERSION = 3.0;
			};
			name = Release;
		};
		8F1342221EEF0A0800596047 /* Debug */ = {
			isa = XCBuildConfiguration;
			buildSettings = {
				ALWAYS_EMBED_SWIFT_STANDARD_LIBRARIES = YES;
				BUNDLE_LOADER = "$(TEST_HOST)";
				DEVELOPMENT_TEAM = "";
				INFOPLIST_FILE = PermissibleLimitSliderTests/Info.plist;
				LD_RUNPATH_SEARCH_PATHS = "$(inherited) @executable_path/Frameworks @loader_path/Frameworks";
				PRODUCT_BUNDLE_IDENTIFIER = ch.ideenkaffee.PermissibleLimitSliderTests;
				PRODUCT_NAME = "$(TARGET_NAME)";
				SWIFT_VERSION = 3.0;
				TEST_HOST = "$(BUILT_PRODUCTS_DIR)/PermissibleLimitSlider.app/PermissibleLimitSlider";
			};
			name = Debug;
		};
		8F1342231EEF0A0800596047 /* Release */ = {
			isa = XCBuildConfiguration;
			buildSettings = {
				ALWAYS_EMBED_SWIFT_STANDARD_LIBRARIES = YES;
				BUNDLE_LOADER = "$(TEST_HOST)";
				DEVELOPMENT_TEAM = "";
				INFOPLIST_FILE = PermissibleLimitSliderTests/Info.plist;
				LD_RUNPATH_SEARCH_PATHS = "$(inherited) @executable_path/Frameworks @loader_path/Frameworks";
				PRODUCT_BUNDLE_IDENTIFIER = ch.ideenkaffee.PermissibleLimitSliderTests;
				PRODUCT_NAME = "$(TARGET_NAME)";
				SWIFT_VERSION = 3.0;
				TEST_HOST = "$(BUILT_PRODUCTS_DIR)/PermissibleLimitSlider.app/PermissibleLimitSlider";
			};
			name = Release;
		};
		8F1342251EEF0A0800596047 /* Debug */ = {
			isa = XCBuildConfiguration;
			buildSettings = {
				ALWAYS_EMBED_SWIFT_STANDARD_LIBRARIES = YES;
				DEVELOPMENT_TEAM = "";
				INFOPLIST_FILE = PermissibleLimitSliderUITests/Info.plist;
				LD_RUNPATH_SEARCH_PATHS = "$(inherited) @executable_path/Frameworks @loader_path/Frameworks";
				PRODUCT_BUNDLE_IDENTIFIER = ch.ideenkaffee.PermissibleLimitSliderUITests;
				PRODUCT_NAME = "$(TARGET_NAME)";
				SWIFT_VERSION = 3.0;
				TEST_TARGET_NAME = PermissibleLimitSlider;
			};
			name = Debug;
		};
		8F1342261EEF0A0800596047 /* Release */ = {
			isa = XCBuildConfiguration;
			buildSettings = {
				ALWAYS_EMBED_SWIFT_STANDARD_LIBRARIES = YES;
				DEVELOPMENT_TEAM = "";
				INFOPLIST_FILE = PermissibleLimitSliderUITests/Info.plist;
				LD_RUNPATH_SEARCH_PATHS = "$(inherited) @executable_path/Frameworks @loader_path/Frameworks";
				PRODUCT_BUNDLE_IDENTIFIER = ch.ideenkaffee.PermissibleLimitSliderUITests;
				PRODUCT_NAME = "$(TARGET_NAME)";
				SWIFT_VERSION = 3.0;
				TEST_TARGET_NAME = PermissibleLimitSlider;
			};
			name = Release;
		};
/* End XCBuildConfiguration section */

/* Begin XCConfigurationList section */
		8F1341F11EEF0A0800596047 /* Build configuration list for PBXProject "PermissibleLimitSlider" */ = {
			isa = XCConfigurationList;
			buildConfigurations = (
				8F13421C1EEF0A0800596047 /* Debug */,
				8F13421D1EEF0A0800596047 /* Release */,
			);
			defaultConfigurationIsVisible = 0;
			defaultConfigurationName = Release;
		};
		8F13421E1EEF0A0800596047 /* Build configuration list for PBXNativeTarget "PermissibleLimitSlider" */ = {
			isa = XCConfigurationList;
			buildConfigurations = (
				8F13421F1EEF0A0800596047 /* Debug */,
				8F1342201EEF0A0800596047 /* Release */,
			);
			defaultConfigurationIsVisible = 0;
		};
		8F1342211EEF0A0800596047 /* Build configuration list for PBXNativeTarget "PermissibleLimitSliderTests" */ = {
			isa = XCConfigurationList;
			buildConfigurations = (
				8F1342221EEF0A0800596047 /* Debug */,
				8F1342231EEF0A0800596047 /* Release */,
			);
			defaultConfigurationIsVisible = 0;
		};
		8F1342241EEF0A0800596047 /* Build configuration list for PBXNativeTarget "PermissibleLimitSliderUITests" */ = {
			isa = XCConfigurationList;
			buildConfigurations = (
				8F1342251EEF0A0800596047 /* Debug */,
				8F1342261EEF0A0800596047 /* Release */,
			);
			defaultConfigurationIsVisible = 0;
		};
/* End XCConfigurationList section */
	};
	rootObject = 8F1341EE1EEF0A0800596047 /* Project object */;
}
